
Microsoft Visual Studio Solution File, Format Version 12.00
# Visual Studio Version 17
VisualStudioVersion = 17.8.34330.188
MinimumVisualStudioVersion = 10.0.40219.1
Project("{FAE04EC0-301F-11D3-BF4B-00C04F79EFBC}") = "LAB.7.kruchinina.m", "LAB.7.kruchinina.m\LAB.7.kruchinina.m.csproj", "{93F46065-2457-4480-BF88-2F8BF386BB2B}"
EndProject
Global
	GlobalSection(SolutionConfigurationPlatforms) = preSolution
		Debug|Any CPU = Debug|Any CPU
		Release|Any CPU = Release|Any CPU
	EndGlobalSection
	GlobalSection(ProjectConfigurationPlatforms) = postSolution
		{93F46065-2457-4480-BF88-2F8BF386BB2B}.Debug|Any CPU.ActiveCfg = Debug|Any CPU
		{93F46065-2457-4480-BF88-2F8BF386BB2B}.Debug|Any CPU.Build.0 = Debug|Any CPU
		{93F46065-2457-4480-BF88-2F8BF386BB2B}.Release|Any CPU.ActiveCfg = Release|Any CPU
		{93F46065-2457-4480-BF88-2F8BF386BB2B}.Release|Any CPU.Build.0 = Release|Any CPU
	EndGlobalSection
	GlobalSection(SolutionProperties) = preSolution
		HideSolutionNode = FALSE
	EndGlobalSection
	GlobalSection(ExtensibilityGlobals) = postSolution
		SolutionGuid = {645374C8-532E-4190-A230-52D70B48CFCB}
	EndGlobalSection
EndGlobal
